
Microsoft Visual Studio Solution File, Format Version 12.00
# Visual Studio Version 17
VisualStudioVersion = 17.11.35312.102
MinimumVisualStudioVersion = 10.0.40219.1
Project("{9A19103F-16F7-4668-BE54-9A1E7A4F7556}") = "UXSim", "UXSim.csproj", "{6F8DA8C2-53C0-4DCB-BDE2-7133DE5CA216}"
EndProject
Project("{FAE04EC0-301F-11D3-BF4B-00C04F79EFBC}") = "UglyClient", "..\UglyClient\UglyClient.csproj", "{9E43B10C-CA93-417D-9404-8142649E5759}"
EndProject
Global
	GlobalSection(SolutionConfigurationPlatforms) = preSolution
		Debug|Any CPU = Debug|Any CPU
		Release|Any CPU = Release|Any CPU
	EndGlobalSection
	GlobalSection(ProjectConfigurationPlatforms) = postSolution
		{6F8DA8C2-53C0-4DCB-BDE2-7133DE5CA216}.Debug|Any CPU.ActiveCfg = Debug|Any CPU
		{6F8DA8C2-53C0-4DCB-BDE2-7133DE5CA216}.Debug|Any CPU.Build.0 = Debug|Any CPU
		{6F8DA8C2-53C0-4DCB-BDE2-7133DE5CA216}.Release|Any CPU.ActiveCfg = Release|Any CPU
		{6F8DA8C2-53C0-4DCB-BDE2-7133DE5CA216}.Release|Any CPU.Build.0 = Release|Any CPU
		{9E43B10C-CA93-417D-9404-8142649E5759}.Debug|Any CPU.ActiveCfg = Debug|Any CPU
		{9E43B10C-CA93-417D-9404-8142649E5759}.Debug|Any CPU.Build.0 = Debug|Any CPU
		{9E43B10C-CA93-417D-9404-8142649E5759}.Release|Any CPU.ActiveCfg = Release|Any CPU
		{9E43B10C-CA93-417D-9404-8142649E5759}.Release|Any CPU.Build.0 = Release|Any CPU
	EndGlobalSection
	GlobalSection(SolutionProperties) = preSolution
		HideSolutionNode = FALSE
	EndGlobalSection
	GlobalSection(ExtensibilityGlobals) = postSolution
		SolutionGuid = {F2C5B4DA-D8C5-4264-9255-06027A836B7B}
	EndGlobalSection
EndGlobal
